
Microsoft Visual Studio Solution File, Format Version 12.00
# Visual Studio Version 17
VisualStudioVersion = 17.0.31903.59
MinimumVisualStudioVersion = 10.0.40219.1
Project("{FAE04EC0-301F-11D3-BF4B-00C04F79EFBC}") = "MoneyExtension", "MoneyExtension\MoneyExtension.csproj", "{539678E6-BD3B-4D32-B180-FDEE4EF2C02C}"
EndProject
Project("{FAE04EC0-301F-11D3-BF4B-00C04F79EFBC}") = "MoneyExtension.Tests", "MoneyExtension.Tests\MoneyExtension.Tests.csproj", "{8D8D9DFD-B5A4-44AA-BEEA-EC6A54293F9C}"
EndProject
Global
	GlobalSection(SolutionConfigurationPlatforms) = preSolution
		Debug|Any CPU = Debug|Any CPU
		Release|Any CPU = Release|Any CPU
	EndGlobalSection
	GlobalSection(SolutionProperties) = preSolution
		HideSolutionNode = FALSE
	EndGlobalSection
	GlobalSection(ProjectConfigurationPlatforms) = postSolution
		{539678E6-BD3B-4D32-B180-FDEE4EF2C02C}.Debug|Any CPU.ActiveCfg = Debug|Any CPU
		{539678E6-BD3B-4D32-B180-FDEE4EF2C02C}.Debug|Any CPU.Build.0 = Debug|Any CPU
		{539678E6-BD3B-4D32-B180-FDEE4EF2C02C}.Release|Any CPU.ActiveCfg = Release|Any CPU
		{539678E6-BD3B-4D32-B180-FDEE4EF2C02C}.Release|Any CPU.Build.0 = Release|Any CPU
		{8D8D9DFD-B5A4-44AA-BEEA-EC6A54293F9C}.Debug|Any CPU.ActiveCfg = Debug|Any CPU
		{8D8D9DFD-B5A4-44AA-BEEA-EC6A54293F9C}.Debug|Any CPU.Build.0 = Debug|Any CPU
		{8D8D9DFD-B5A4-44AA-BEEA-EC6A54293F9C}.Release|Any CPU.ActiveCfg = Release|Any CPU
		{8D8D9DFD-B5A4-44AA-BEEA-EC6A54293F9C}.Release|Any CPU.Build.0 = Release|Any CPU
	EndGlobalSection
EndGlobal
